
Microsoft Visual Studio Solution File, Format Version 12.00
# Visual Studio Version 17
VisualStudioVersion = 17.8.34525.116
MinimumVisualStudioVersion = 10.0.40219.1
Project("{9A19103F-16F7-4668-BE54-9A1E7A4F7556}") = "SGSeniorEvents.Server", "SGSeniorEvents\Server\SGSeniorEvents.Server.csproj", "{8279199D-0EA8-4936-9FE2-8018385B10B4}"
EndProject
Project("{9A19103F-16F7-4668-BE54-9A1E7A4F7556}") = "SGSeniorEvents.Client", "SGSeniorEvents\Client\SGSeniorEvents.Client.csproj", "{300258E4-C5B7-4303-ADE2-B729BEB332FB}"
EndProject
Project("{9A19103F-16F7-4668-BE54-9A1E7A4F7556}") = "SGSeniorEvents.Shared", "SGSeniorEvents\Shared\SGSeniorEvents.Shared.csproj", "{2AF2C653-B162-467C-9ACF-9581868EC4AD}"
EndProject
Global
	GlobalSection(SolutionConfigurationPlatforms) = preSolution
		Debug|Any CPU = Debug|Any CPU
		Release|Any CPU = Release|Any CPU
	EndGlobalSection
	GlobalSection(ProjectConfigurationPlatforms) = postSolution
		{8279199D-0EA8-4936-9FE2-8018385B10B4}.Debug|Any CPU.ActiveCfg = Debug|Any CPU
		{8279199D-0EA8-4936-9FE2-8018385B10B4}.Debug|Any CPU.Build.0 = Debug|Any CPU
		{8279199D-0EA8-4936-9FE2-8018385B10B4}.Release|Any CPU.ActiveCfg = Release|Any CPU
		{8279199D-0EA8-4936-9FE2-8018385B10B4}.Release|Any CPU.Build.0 = Release|Any CPU
		{300258E4-C5B7-4303-ADE2-B729BEB332FB}.Debug|Any CPU.ActiveCfg = Debug|Any CPU
		{300258E4-C5B7-4303-ADE2-B729BEB332FB}.Debug|Any CPU.Build.0 = Debug|Any CPU
		{300258E4-C5B7-4303-ADE2-B729BEB332FB}.Release|Any CPU.ActiveCfg = Release|Any CPU
		{300258E4-C5B7-4303-ADE2-B729BEB332FB}.Release|Any CPU.Build.0 = Release|Any CPU
		{2AF2C653-B162-467C-9ACF-9581868EC4AD}.Debug|Any CPU.ActiveCfg = Debug|Any CPU
		{2AF2C653-B162-467C-9ACF-9581868EC4AD}.Debug|Any CPU.Build.0 = Debug|Any CPU
		{2AF2C653-B162-467C-9ACF-9581868EC4AD}.Release|Any CPU.ActiveCfg = Release|Any CPU
		{2AF2C653-B162-467C-9ACF-9581868EC4AD}.Release|Any CPU.Build.0 = Release|Any CPU
	EndGlobalSection
	GlobalSection(SolutionProperties) = preSolution
		HideSolutionNode = FALSE
	EndGlobalSection
	GlobalSection(ExtensibilityGlobals) = postSolution
		SolutionGuid = {7FD6533B-AD73-4FE0-A6C8-7E61C2E49810}
	EndGlobalSection
EndGlobal
